
Microsoft Visual Studio Solution File, Format Version 12.00
# Visual Studio Version 17
VisualStudioVersion = 17.4.33205.214
MinimumVisualStudioVersion = 10.0.40219.1
Project("{FAE04EC0-301F-11D3-BF4B-00C04F79EFBC}") = "discordwebhook", "discordwebhook.csproj", "{38A2EF8F-FFE8-4F65-A80A-755F57F79929}"
EndProject
Global
	GlobalSection(SolutionConfigurationPlatforms) = preSolution
		Debug|Any CPU = Debug|Any CPU
		Release|Any CPU = Release|Any CPU
	EndGlobalSection
	GlobalSection(ProjectConfigurationPlatforms) = postSolution
		{38A2EF8F-FFE8-4F65-A80A-755F57F79929}.Debug|Any CPU.ActiveCfg = Debug|Any CPU
		{38A2EF8F-FFE8-4F65-A80A-755F57F79929}.Debug|Any CPU.Build.0 = Debug|Any CPU
		{38A2EF8F-FFE8-4F65-A80A-755F57F79929}.Release|Any CPU.ActiveCfg = Release|Any CPU
		{38A2EF8F-FFE8-4F65-A80A-755F57F79929}.Release|Any CPU.Build.0 = Release|Any CPU
	EndGlobalSection
	GlobalSection(SolutionProperties) = preSolution
		HideSolutionNode = FALSE
	EndGlobalSection
	GlobalSection(ExtensibilityGlobals) = postSolution
		SolutionGuid = {B8308F87-2B25-4917-9519-0386769B0A22}
	EndGlobalSection
EndGlobal
